// !$*UTF8*$!
{
	archiveVersion = 1;
	classes = {
	};
	objectVersion = 50;
	objects = {

/* Begin PBXBuildFile section */
		FA227930266012AD00A443E1 /* Posts.swift in Sources */ = {isa = PBXBuildFile; fileRef = FA22792F266012AD00A443E1 /* Posts.swift */; };
		FA2279362660174900A443E1 /* NetworkManager.swift in Sources */ = {isa = PBXBuildFile; fileRef = FA2279352660174900A443E1 /* NetworkManager.swift */; };
		FA22793E26601F0600A443E1 /* NetworkRequest.swift in Sources */ = {isa = PBXBuildFile; fileRef = FA22793D26601F0600A443E1 /* NetworkRequest.swift */; };
		FA22794326601FB000A443E1 /* NetworkRequest+ Ext.swift in Sources */ = {isa = PBXBuildFile; fileRef = FA22794226601FB000A443E1 /* NetworkRequest+ Ext.swift */; };
		FA22794926608E3400A443E1 /* Constants.swift in Sources */ = {isa = PBXBuildFile; fileRef = FA22794826608E3400A443E1 /* Constants.swift */; };
		FA2279532660909C00A443E1 /* ContentTableViewCell.swift in Sources */ = {isa = PBXBuildFile; fileRef = FA2279522660909C00A443E1 /* ContentTableViewCell.swift */; };
		FA22795F2660928100A443E1 /* ViewControllerModel.swift in Sources */ = {isa = PBXBuildFile; fileRef = FA22795E2660928100A443E1 /* ViewControllerModel.swift */; };
		FA22796F266095F500A443E1 /* DetailsViewController.swift in Sources */ = {isa = PBXBuildFile; fileRef = FA22796E266095F500A443E1 /* DetailsViewController.swift */; };
		FA22797726609F7500A443E1 /* DateValueWrapper.swift in Sources */ = {isa = PBXBuildFile; fileRef = FA22797626609F7500A443E1 /* DateValueWrapper.swift */; };
		FA2279802660A9FA00A443E1 /* UIFont+Ext.swift in Sources */ = {isa = PBXBuildFile; fileRef = FA22797F2660A9FA00A443E1 /* UIFont+Ext.swift */; };
		FA2279C02660F02700A443E1 /* SplashScreenViewController.swift in Sources */ = {isa = PBXBuildFile; fileRef = FA2279BF2660F02700A443E1 /* SplashScreenViewController.swift */; };
		FA8E4012265E5C4C00740B17 /* AppDelegate.swift in Sources */ = {isa = PBXBuildFile; fileRef = FA8E4011265E5C4C00740B17 /* AppDelegate.swift */; };
		FA8E4014265E5C4C00740B17 /* SceneDelegate.swift in Sources */ = {isa = PBXBuildFile; fileRef = FA8E4013265E5C4C00740B17 /* SceneDelegate.swift */; };
		FA8E4016265E5C4C00740B17 /* PostsViewController.swift in Sources */ = {isa = PBXBuildFile; fileRef = FA8E4015265E5C4C00740B17 /* PostsViewController.swift */; };
		FA8E401B265E5C4F00740B17 /* Assets.xcassets in Resources */ = {isa = PBXBuildFile; fileRef = FA8E401A265E5C4F00740B17 /* Assets.xcassets */; };
		FA8E401E265E5C4F00740B17 /* LaunchScreen.storyboard in Resources */ = {isa = PBXBuildFile; fileRef = FA8E401C265E5C4F00740B17 /* LaunchScreen.storyboard */; };
		FA8E4029265E5C4F00740B17 /* PostFeedAppTests.swift in Sources */ = {isa = PBXBuildFile; fileRef = FA8E4028265E5C4F00740B17 /* PostFeedAppTests.swift */; };
		FA8E4034265E5C5000740B17 /* PostFeedAppUITests.swift in Sources */ = {isa = PBXBuildFile; fileRef = FA8E4033265E5C5000740B17 /* PostFeedAppUITests.swift */; };
		FAA54ADE26622CFA0045B7C2 /* SortedNetworkRequests.swift in Sources */ = {isa = PBXBuildFile; fileRef = FAA54ADD26622CFA0045B7C2 /* SortedNetworkRequests.swift */; };
		FAA54AEF266271590045B7C2 /* AlertController.swift in Sources */ = {isa = PBXBuildFile; fileRef = FAA54AEE266271590045B7C2 /* AlertController.swift */; };
		FAA54AF7266290860045B7C2 /* GetPostsRequests.swift in Sources */ = {isa = PBXBuildFile; fileRef = FAA54AF6266290860045B7C2 /* GetPostsRequests.swift */; };
/* End PBXBuildFile section */

/* Begin PBXContainerItemProxy section */
		FA8E4025265E5C4F00740B17 /* PBXContainerItemProxy */ = {
			isa = PBXContainerItemProxy;
			containerPortal = FA8E4006265E5C4C00740B17 /* Project object */;
			proxyType = 1;
			remoteGlobalIDString = FA8E400D265E5C4C00740B17;
			remoteInfo = PostFeedApp;
		};
		FA8E4030265E5C5000740B17 /* PBXContainerItemProxy */ = {
			isa = PBXContainerItemProxy;
			containerPortal = FA8E4006265E5C4C00740B17 /* Project object */;
			proxyType = 1;
			remoteGlobalIDString = FA8E400D265E5C4C00740B17;
			remoteInfo = PostFeedApp;
		};
/* End PBXContainerItemProxy section */

/* Begin PBXFileReference section */
		FA22792F266012AD00A443E1 /* Posts.swift */ = {isa = PBXFileReference; lastKnownFileType = sourcecode.swift; path = Posts.swift; sourceTree = "<group>"; };
		FA2279352660174900A443E1 /* NetworkManager.swift */ = {isa = PBXFileReference; lastKnownFileType = sourcecode.swift; path = NetworkManager.swift; sourceTree = "<group>"; };
		FA22793D26601F0600A443E1 /* NetworkRequest.swift */ = {isa = PBXFileReference; lastKnownFileType = sourcecode.swift; path = NetworkRequest.swift; sourceTree = "<group>"; };
		FA22794226601FB000A443E1 /* NetworkRequest+ Ext.swift */ = {isa = PBXFileReference; lastKnownFileType = sourcecode.swift; path = "NetworkRequest+ Ext.swift"; sourceTree = "<group>"; };
		FA22794826608E3400A443E1 /* Constants.swift */ = {isa = PBXFileReference; lastKnownFileType = sourcecode.swift; path = Constants.swift; sourceTree = "<group>"; };
		FA2279522660909C00A443E1 /* ContentTableViewCell.swift */ = {isa = PBXFileReference; lastKnownFileType = sourcecode.swift; path = ContentTableViewCell.swift; sourceTree = "<group>"; };
		FA22795E2660928100A443E1 /* ViewControllerModel.swift */ = {isa = PBXFileReference; lastKnownFileType = sourcecode.swift; path = ViewControllerModel.swift; sourceTree = "<group>"; };
		FA22796E266095F500A443E1 /* DetailsViewController.swift */ = {isa = PBXFileReference; lastKnownFileType = sourcecode.swift; path = DetailsViewController.swift; sourceTree = "<group>"; };
		FA22797626609F7500A443E1 /* DateValueWrapper.swift */ = {isa = PBXFileReference; lastKnownFileType = sourcecode.swift; path = DateValueWrapper.swift; sourceTree = "<group>"; };
		FA22797F2660A9FA00A443E1 /* UIFont+Ext.swift */ = {isa = PBXFileReference; lastKnownFileType = sourcecode.swift; path = "UIFont+Ext.swift"; sourceTree = "<group>"; };
		FA2279BF2660F02700A443E1 /* SplashScreenViewController.swift */ = {isa = PBXFileReference; lastKnownFileType = sourcecode.swift; path = SplashScreenViewController.swift; sourceTree = "<group>"; };
		FA8E400E265E5C4C00740B17 /* PostFeedApp.app */ = {isa = PBXFileReference; explicitFileType = wrapper.application; includeInIndex = 0; path = PostFeedApp.app; sourceTree = BUILT_PRODUCTS_DIR; };
		FA8E4011265E5C4C00740B17 /* AppDelegate.swift */ = {isa = PBXFileReference; lastKnownFileType = sourcecode.swift; path = AppDelegate.swift; sourceTree = "<group>"; };
		FA8E4013265E5C4C00740B17 /* SceneDelegate.swift */ = {isa = PBXFileReference; lastKnownFileType = sourcecode.swift; path = SceneDelegate.swift; sourceTree = "<group>"; };
		FA8E4015265E5C4C00740B17 /* PostsViewController.swift */ = {isa = PBXFileReference; lastKnownFileType = sourcecode.swift; path = PostsViewController.swift; sourceTree = "<group>"; };
		FA8E401A265E5C4F00740B17 /* Assets.xcassets */ = {isa = PBXFileReference; lastKnownFileType = folder.assetcatalog; path = Assets.xcassets; sourceTree = "<group>"; };
		FA8E401D265E5C4F00740B17 /* Base */ = {isa = PBXFileReference; lastKnownFileType = file.storyboard; name = Base; path = Base.lproj/LaunchScreen.storyboard; sourceTree = "<group>"; };
		FA8E401F265E5C4F00740B17 /* Info.plist */ = {isa = PBXFileReference; lastKnownFileType = text.plist.xml; path = Info.plist; sourceTree = "<group>"; };
		FA8E4024265E5C4F00740B17 /* PostFeedAppTests.xctest */ = {isa = PBXFileReference; explicitFileType = wrapper.cfbundle; includeInIndex = 0; path = PostFeedAppTests.xctest; sourceTree = BUILT_PRODUCTS_DIR; };
		FA8E4028265E5C4F00740B17 /* PostFeedAppTests.swift */ = {isa = PBXFileReference; lastKnownFileType = sourcecode.swift; path = PostFeedAppTests.swift; sourceTree = "<group>"; };
		FA8E402A265E5C4F00740B17 /* Info.plist */ = {isa = PBXFileReference; lastKnownFileType = text.plist.xml; path = Info.plist; sourceTree = "<group>"; };
		FA8E402F265E5C5000740B17 /* PostFeedAppUITests.xctest */ = {isa = PBXFileReference; explicitFileType = wrapper.cfbundle; includeInIndex = 0; path = PostFeedAppUITests.xctest; sourceTree = BUILT_PRODUCTS_DIR; };
		FA8E4033265E5C5000740B17 /* PostFeedAppUITests.swift */ = {isa = PBXFileReference; lastKnownFileType = sourcecode.swift; path = PostFeedAppUITests.swift; sourceTree = "<group>"; };
		FA8E4035265E5C5000740B17 /* Info.plist */ = {isa = PBXFileReference; lastKnownFileType = text.plist.xml; path = Info.plist; sourceTree = "<group>"; };
		FAA54ADD26622CFA0045B7C2 /* SortedNetworkRequests.swift */ = {isa = PBXFileReference; lastKnownFileType = sourcecode.swift; path = SortedNetworkRequests.swift; sourceTree = "<group>"; };
		FAA54AEE266271590045B7C2 /* AlertController.swift */ = {isa = PBXFileReference; lastKnownFileType = sourcecode.swift; path = AlertController.swift; sourceTree = "<group>"; };
		FAA54AF6266290860045B7C2 /* GetPostsRequests.swift */ = {isa = PBXFileReference; lastKnownFileType = sourcecode.swift; path = GetPostsRequests.swift; sourceTree = "<group>"; };
/* End PBXFileReference section */

/* Begin PBXFrameworksBuildPhase section */
		FA8E400B265E5C4C00740B17 /* Frameworks */ = {
			isa = PBXFrameworksBuildPhase;
			buildActionMask = 2147483647;
			files = (
			);
			runOnlyForDeploymentPostprocessing = 0;
		};
		FA8E4021265E5C4F00740B17 /* Frameworks */ = {
			isa = PBXFrameworksBuildPhase;
			buildActionMask = 2147483647;
			files = (
			);
			runOnlyForDeploymentPostprocessing = 0;
		};
		FA8E402C265E5C5000740B17 /* Frameworks */ = {
			isa = PBXFrameworksBuildPhase;
			buildActionMask = 2147483647;
			files = (
			);
			runOnlyForDeploymentPostprocessing = 0;
		};
/* End PBXFrameworksBuildPhase section */

/* Begin PBXGroup section */
		FA22792E2660129800A443E1 /* Model */ = {
			isa = PBXGroup;
			children = (
				FA22792F266012AD00A443E1 /* Posts.swift */,
			);
			path = Model;
			sourceTree = "<group>";
		};
		FA2279342660173000A443E1 /* Services */ = {
			isa = PBXGroup;
			children = (
				FA2279352660174900A443E1 /* NetworkManager.swift */,
				FAA54AD926622CD40045B7C2 /* Requests */,
			);
			path = Services;
			sourceTree = "<group>";
		};
		FA22794726608E2100A443E1 /* Utils */ = {
			isa = PBXGroup;
			children = (
				FAA54AEA266271440045B7C2 /* AlertController */,
				FA22797B2660A9AB00A443E1 /* Extensions */,
				FAA54AE22662712C0045B7C2 /* Constants */,
				FAA54AE6266271380045B7C2 /* Wrappers */,
			);
			path = Utils;
			sourceTree = "<group>";
		};
		FA22794D2660908100A443E1 /* PostVC */ = {
			isa = PBXGroup;
			children = (
				FA227969266095B300A443E1 /* Controller */,
				FA2279512660908800A443E1 /* Cell */,
				FA22795A2660910F00A443E1 /* Model */,
			);
			path = PostVC;
			sourceTree = "<group>";
		};
		FA2279512660908800A443E1 /* Cell */ = {
			isa = PBXGroup;
			children = (
				FA2279522660909C00A443E1 /* ContentTableViewCell.swift */,
			);
			path = Cell;
			sourceTree = "<group>";
		};
		FA22795A2660910F00A443E1 /* Model */ = {
			isa = PBXGroup;
			children = (
				FA22795E2660928100A443E1 /* ViewControllerModel.swift */,
			);
			path = Model;
			sourceTree = "<group>";
		};
		FA227969266095B300A443E1 /* Controller */ = {
			isa = PBXGroup;
			children = (
				FA8E4015265E5C4C00740B17 /* PostsViewController.swift */,
			);
			path = Controller;
			sourceTree = "<group>";
		};
		FA22796D266095CA00A443E1 /* DetailsVC */ = {
			isa = PBXGroup;
			children = (
				FA2279AD2660D7E900A443E1 /* Controller */,
			);
			path = DetailsVC;
			sourceTree = "<group>";
		};
		FA22797B2660A9AB00A443E1 /* Extensions */ = {
			isa = PBXGroup;
			children = (
				FA22794226601FB000A443E1 /* NetworkRequest+ Ext.swift */,
				FA22797F2660A9FA00A443E1 /* UIFont+Ext.swift */,
			);
			path = Extensions;
			sourceTree = "<group>";
		};
		FA2279AD2660D7E900A443E1 /* Controller */ = {
			isa = PBXGroup;
			children = (
				FA22796E266095F500A443E1 /* DetailsViewController.swift */,
			);
			path = Controller;
			sourceTree = "<group>";
		};
		FA2279BD2660F00100A443E1 /* SplashScreenVC */ = {
			isa = PBXGroup;
			children = (
				FA2279BE2660F00D00A443E1 /* Controller */,
			);
			path = SplashScreenVC;
			sourceTree = "<group>";
		};
		FA2279BE2660F00D00A443E1 /* Controller */ = {
			isa = PBXGroup;
			children = (
				FA2279BF2660F02700A443E1 /* SplashScreenViewController.swift */,
			);
			path = Controller;
			sourceTree = "<group>";
		};
		FA56C1DE265EAB4F008A7A95 /* Controllers */ = {
			isa = PBXGroup;
			children = (
				FA2279BD2660F00100A443E1 /* SplashScreenVC */,
				FA22794D2660908100A443E1 /* PostVC */,
				FA22796D266095CA00A443E1 /* DetailsVC */,
			);
			path = Controllers;
			sourceTree = "<group>";
		};
		FA56C1E2265EAB58008A7A95 /* LaunchScreen */ = {
			isa = PBXGroup;
			children = (
				FA8E401C265E5C4F00740B17 /* LaunchScreen.storyboard */,
			);
			path = LaunchScreen;
			sourceTree = "<group>";
		};
		FA56C1E3265EAB64008A7A95 /* Supporting Files */ = {
			isa = PBXGroup;
			children = (
				FA8E4013265E5C4C00740B17 /* SceneDelegate.swift */,
				FA8E4011265E5C4C00740B17 /* AppDelegate.swift */,
				FA8E401F265E5C4F00740B17 /* Info.plist */,
				FA8E401A265E5C4F00740B17 /* Assets.xcassets */,
			);
			path = "Supporting Files";
			sourceTree = "<group>";
		};
		FA8E4005265E5C4C00740B17 = {
			isa = PBXGroup;
			children = (
				FA8E4010265E5C4C00740B17 /* PostFeedApp */,
				FA8E4027265E5C4F00740B17 /* PostFeedAppTests */,
				FA8E4032265E5C5000740B17 /* PostFeedAppUITests */,
				FA8E400F265E5C4C00740B17 /* Products */,
			);
			sourceTree = "<group>";
		};
		FA8E400F265E5C4C00740B17 /* Products */ = {
			isa = PBXGroup;
			children = (
				FA8E400E265E5C4C00740B17 /* PostFeedApp.app */,
				FA8E4024265E5C4F00740B17 /* PostFeedAppTests.xctest */,
				FA8E402F265E5C5000740B17 /* PostFeedAppUITests.xctest */,
			);
			name = Products;
			sourceTree = "<group>";
		};
		FA8E4010265E5C4C00740B17 /* PostFeedApp */ = {
			isa = PBXGroup;
			children = (
				FA22794726608E2100A443E1 /* Utils */,
				FA2279342660173000A443E1 /* Services */,
				FA22792E2660129800A443E1 /* Model */,
				FA56C1DE265EAB4F008A7A95 /* Controllers */,
				FA56C1E2265EAB58008A7A95 /* LaunchScreen */,
				FA56C1E3265EAB64008A7A95 /* Supporting Files */,
			);
			path = PostFeedApp;
			sourceTree = "<group>";
		};
		FA8E4027265E5C4F00740B17 /* PostFeedAppTests */ = {
			isa = PBXGroup;
			children = (
				FA8E4028265E5C4F00740B17 /* PostFeedAppTests.swift */,
				FA8E402A265E5C4F00740B17 /* Info.plist */,
			);
			path = PostFeedAppTests;
			sourceTree = "<group>";
		};
		FA8E4032265E5C5000740B17 /* PostFeedAppUITests */ = {
			isa = PBXGroup;
			children = (
				FA8E4033265E5C5000740B17 /* PostFeedAppUITests.swift */,
				FA8E4035265E5C5000740B17 /* Info.plist */,
			);
			path = PostFeedAppUITests;
			sourceTree = "<group>";
		};
		FAA54AD926622CD40045B7C2 /* Requests */ = {
			isa = PBXGroup;
			children = (
				FA22793D26601F0600A443E1 /* NetworkRequest.swift */,
				FAA54ADD26622CFA0045B7C2 /* SortedNetworkRequests.swift */,
				FAA54AF6266290860045B7C2 /* GetPostsRequests.swift */,
			);
			path = Requests;
			sourceTree = "<group>";
		};
		FAA54AE22662712C0045B7C2 /* Constants */ = {
			isa = PBXGroup;
			children = (
				FA22794826608E3400A443E1 /* Constants.swift */,
			);
			path = Constants;
			sourceTree = "<group>";
		};
		FAA54AE6266271380045B7C2 /* Wrappers */ = {
			isa = PBXGroup;
			children = (
				FA22797626609F7500A443E1 /* DateValueWrapper.swift */,
			);
			path = Wrappers;
			sourceTree = "<group>";
		};
		FAA54AEA266271440045B7C2 /* AlertController */ = {
			isa = PBXGroup;
			children = (
				FAA54AEE266271590045B7C2 /* AlertController.swift */,
			);
			path = AlertController;
			sourceTree = "<group>";
		};
/* End PBXGroup section */

/* Begin PBXNativeTarget section */
		FA8E400D265E5C4C00740B17 /* PostFeedApp */ = {
			isa = PBXNativeTarget;
			buildConfigurationList = FA8E4038265E5C5000740B17 /* Build configuration list for PBXNativeTarget "PostFeedApp" */;
			buildPhases = (
				FA8E400A265E5C4C00740B17 /* Sources */,
				FA8E400B265E5C4C00740B17 /* Frameworks */,
				FA8E400C265E5C4C00740B17 /* Resources */,
			);
			buildRules = (
			);
			dependencies = (
			);
			name = PostFeedApp;
			productName = PostFeedApp;
			productReference = FA8E400E265E5C4C00740B17 /* PostFeedApp.app */;
			productType = "com.apple.product-type.application";
		};
		FA8E4023265E5C4F00740B17 /* PostFeedAppTests */ = {
			isa = PBXNativeTarget;
			buildConfigurationList = FA8E403B265E5C5000740B17 /* Build configuration list for PBXNativeTarget "PostFeedAppTests" */;
			buildPhases = (
				FA8E4020265E5C4F00740B17 /* Sources */,
				FA8E4021265E5C4F00740B17 /* Frameworks */,
				FA8E4022265E5C4F00740B17 /* Resources */,
			);
			buildRules = (
			);
			dependencies = (
				FA8E4026265E5C4F00740B17 /* PBXTargetDependency */,
			);
			name = PostFeedAppTests;
			productName = PostFeedAppTests;
			productReference = FA8E4024265E5C4F00740B17 /* PostFeedAppTests.xctest */;
			productType = "com.apple.product-type.bundle.unit-test";
		};
		FA8E402E265E5C5000740B17 /* PostFeedAppUITests */ = {
			isa = PBXNativeTarget;
			buildConfigurationList = FA8E403E265E5C5000740B17 /* Build configuration list for PBXNativeTarget "PostFeedAppUITests" */;
			buildPhases = (
				FA8E402B265E5C5000740B17 /* Sources */,
				FA8E402C265E5C5000740B17 /* Frameworks */,
				FA8E402D265E5C5000740B17 /* Resources */,
			);
			buildRules = (
			);
			dependencies = (
				FA8E4031265E5C5000740B17 /* PBXTargetDependency */,
			);
			name = PostFeedAppUITests;
			productName = PostFeedAppUITests;
			productReference = FA8E402F265E5C5000740B17 /* PostFeedAppUITests.xctest */;
			productType = "com.apple.product-type.bundle.ui-testing";
		};
/* End PBXNativeTarget section */

/* Begin PBXProject section */
		FA8E4006265E5C4C00740B17 /* Project object */ = {
			isa = PBXProject;
			attributes = {
				LastSwiftUpdateCheck = 1240;
				LastUpgradeCheck = 1240;
				TargetAttributes = {
					FA8E400D265E5C4C00740B17 = {
						CreatedOnToolsVersion = 12.4;
					};
					FA8E4023265E5C4F00740B17 = {
						CreatedOnToolsVersion = 12.4;
						TestTargetID = FA8E400D265E5C4C00740B17;
					};
					FA8E402E265E5C5000740B17 = {
						CreatedOnToolsVersion = 12.4;
						TestTargetID = FA8E400D265E5C4C00740B17;
					};
				};
			};
			buildConfigurationList = FA8E4009265E5C4C00740B17 /* Build configuration list for PBXProject "PostFeedApp" */;
			compatibilityVersion = "Xcode 9.3";
			developmentRegion = en;
			hasScannedForEncodings = 0;
			knownRegions = (
				en,
				Base,
			);
			mainGroup = FA8E4005265E5C4C00740B17;
			productRefGroup = FA8E400F265E5C4C00740B17 /* Products */;
			projectDirPath = "";
			projectRoot = "";
			targets = (
				FA8E400D265E5C4C00740B17 /* PostFeedApp */,
				FA8E4023265E5C4F00740B17 /* PostFeedAppTests */,
				FA8E402E265E5C5000740B17 /* PostFeedAppUITests */,
			);
		};
/* End PBXProject section */

/* Begin PBXResourcesBuildPhase section */
		FA8E400C265E5C4C00740B17 /* Resources */ = {
			isa = PBXResourcesBuildPhase;
			buildActionMask = 2147483647;
			files = (
				FA8E401E265E5C4F00740B17 /* LaunchScreen.storyboard in Resources */,
				FA8E401B265E5C4F00740B17 /* Assets.xcassets in Resources */,
			);
			runOnlyForDeploymentPostprocessing = 0;
		};
		FA8E4022265E5C4F00740B17 /* Resources */ = {
			isa = PBXResourcesBuildPhase;
			buildActionMask = 2147483647;
			files = (
			);
			runOnlyForDeploymentPostprocessing = 0;
		};
		FA8E402D265E5C5000740B17 /* Resources */ = {
			isa = PBXResourcesBuildPhase;
			buildActionMask = 2147483647;
			files = (
			);
			runOnlyForDeploymentPostprocessing = 0;
		};
/* End PBXResourcesBuildPhase section */

/* Begin PBXSourcesBuildPhase section */
		FA8E400A265E5C4C00740B17 /* Sources */ = {
			isa = PBXSourcesBuildPhase;
			buildActionMask = 2147483647;
			files = (
				FA2279802660A9FA00A443E1 /* UIFont+Ext.swift in Sources */,
				FA22793E26601F0600A443E1 /* NetworkRequest.swift in Sources */,
				FA2279362660174900A443E1 /* NetworkManager.swift in Sources */,
				FA8E4016265E5C4C00740B17 /* PostsViewController.swift in Sources */,
				FA22795F2660928100A443E1 /* ViewControllerModel.swift in Sources */,
				FA22794326601FB000A443E1 /* NetworkRequest+ Ext.swift in Sources */,
				FA22797726609F7500A443E1 /* DateValueWrapper.swift in Sources */,
				FAA54AEF266271590045B7C2 /* AlertController.swift in Sources */,
				FA2279C02660F02700A443E1 /* SplashScreenViewController.swift in Sources */,
				FA8E4012265E5C4C00740B17 /* AppDelegate.swift in Sources */,
				FA227930266012AD00A443E1 /* Posts.swift in Sources */,
				FA8E4014265E5C4C00740B17 /* SceneDelegate.swift in Sources */,
				FA22794926608E3400A443E1 /* Constants.swift in Sources */,
				FAA54AF7266290860045B7C2 /* GetPostsRequests.swift in Sources */,
				FAA54ADE26622CFA0045B7C2 /* SortedNetworkRequests.swift in Sources */,
				FA2279532660909C00A443E1 /* ContentTableViewCell.swift in Sources */,
				FA22796F266095F500A443E1 /* DetailsViewController.swift in Sources */,
			);
			runOnlyForDeploymentPostprocessing = 0;
		};
		FA8E4020265E5C4F00740B17 /* Sources */ = {
			isa = PBXSourcesBuildPhase;
			buildActionMask = 2147483647;
			files = (
				FA8E4029265E5C4F00740B17 /* PostFeedAppTests.swift in Sources */,
			);
			runOnlyForDeploymentPostprocessing = 0;
		};
		FA8E402B265E5C5000740B17 /* Sources */ = {
			isa = PBXSourcesBuildPhase;
			buildActionMask = 2147483647;
			files = (
				FA8E4034265E5C5000740B17 /* PostFeedAppUITests.swift in Sources */,
			);
			runOnlyForDeploymentPostprocessing = 0;
		};
/* End PBXSourcesBuildPhase section */

/* Begin PBXTargetDependency section */
		FA8E4026265E5C4F00740B17 /* PBXTargetDependency */ = {
			isa = PBXTargetDependency;
			target = FA8E400D265E5C4C00740B17 /* PostFeedApp */;
			targetProxy = FA8E4025265E5C4F00740B17 /* PBXContainerItemProxy */;
		};
		FA8E4031265E5C5000740B17 /* PBXTargetDependency */ = {
			isa = PBXTargetDependency;
			target = FA8E400D265E5C4C00740B17 /* PostFeedApp */;
			targetProxy = FA8E4030265E5C5000740B17 /* PBXContainerItemProxy */;
		};
/* End PBXTargetDependency section */

/* Begin PBXVariantGroup section */
		FA8E401C265E5C4F00740B17 /* LaunchScreen.storyboard */ = {
			isa = PBXVariantGroup;
			children = (
				FA8E401D265E5C4F00740B17 /* Base */,
			);
			name = LaunchScreen.storyboard;
			sourceTree = "<group>";
		};
/* End PBXVariantGroup section */

/* Begin XCBuildConfiguration section */
		FA8E4036265E5C5000740B17 /* Debug */ = {
			isa = XCBuildConfiguration;
			buildSettings = {
				ALWAYS_SEARCH_USER_PATHS = NO;
				CLANG_ANALYZER_NONNULL = YES;
				CLANG_ANALYZER_NUMBER_OBJECT_CONVERSION = YES_AGGRESSIVE;
				CLANG_CXX_LANGUAGE_STANDARD = "gnu++14";
				CLANG_CXX_LIBRARY = "libc++";
				CLANG_ENABLE_MODULES = YES;
				CLANG_ENABLE_OBJC_ARC = YES;
				CLANG_ENABLE_OBJC_WEAK = YES;
				CLANG_WARN_BLOCK_CAPTURE_AUTORELEASING = YES;
				CLANG_WARN_BOOL_CONVERSION = YES;
				CLANG_WARN_COMMA = YES;
				CLANG_WARN_CONSTANT_CONVERSION = YES;
				CLANG_WARN_DEPRECATED_OBJC_IMPLEMENTATIONS = YES;
				CLANG_WARN_DIRECT_OBJC_ISA_USAGE = YES_ERROR;
				CLANG_WARN_DOCUMENTATION_COMMENTS = YES;
				CLANG_WARN_EMPTY_BODY = YES;
				CLANG_WARN_ENUM_CONVERSION = YES;
				CLANG_WARN_INFINITE_RECURSION = YES;
				CLANG_WARN_INT_CONVERSION = YES;
				CLANG_WARN_NON_LITERAL_NULL_CONVERSION = YES;
				CLANG_WARN_OBJC_IMPLICIT_RETAIN_SELF = YES;
				CLANG_WARN_OBJC_LITERAL_CONVERSION = YES;
				CLANG_WARN_OBJC_ROOT_CLASS = YES_ERROR;
				CLANG_WARN_QUOTED_INCLUDE_IN_FRAMEWORK_HEADER = YES;
				CLANG_WARN_RANGE_LOOP_ANALYSIS = YES;
				CLANG_WARN_STRICT_PROTOTYPES = YES;
				CLANG_WARN_SUSPICIOUS_MOVE = YES;
				CLANG_WARN_UNGUARDED_AVAILABILITY = YES_AGGRESSIVE;
				CLANG_WARN_UNREACHABLE_CODE = YES;
				CLANG_WARN__DUPLICATE_METHOD_MATCH = YES;
				COPY_PHASE_STRIP = NO;
				DEBUG_INFORMATION_FORMAT = dwarf;
				ENABLE_STRICT_OBJC_MSGSEND = YES;
				ENABLE_TESTABILITY = YES;
				GCC_C_LANGUAGE_STANDARD = gnu11;
				GCC_DYNAMIC_NO_PIC = NO;
				GCC_NO_COMMON_BLOCKS = YES;
				GCC_OPTIMIZATION_LEVEL = 0;
				GCC_PREPROCESSOR_DEFINITIONS = (
					"DEBUG=1",
					"$(inherited)",
				);
				GCC_WARN_64_TO_32_BIT_CONVERSION = YES;
				GCC_WARN_ABOUT_RETURN_TYPE = YES_ERROR;
				GCC_WARN_UNDECLARED_SELECTOR = YES;
				GCC_WARN_UNINITIALIZED_AUTOS = YES_AGGRESSIVE;
				GCC_WARN_UNUSED_FUNCTION = YES;
				GCC_WARN_UNUSED_VARIABLE = YES;
				IPHONEOS_DEPLOYMENT_TARGET = 14.4;
				MTL_ENABLE_DEBUG_INFO = INCLUDE_SOURCE;
				MTL_FAST_MATH = YES;
				ONLY_ACTIVE_ARCH = YES;
				SDKROOT = iphoneos;
				SWIFT_ACTIVE_COMPILATION_CONDITIONS = DEBUG;
				SWIFT_OPTIMIZATION_LEVEL = "-Onone";
			};
			name = Debug;
		};
		FA8E4037265E5C5000740B17 /* Release */ = {
			isa = XCBuildConfiguration;
			buildSettings = {
				ALWAYS_SEARCH_USER_PATHS = NO;
				CLANG_ANALYZER_NONNULL = YES;
				CLANG_ANALYZER_NUMBER_OBJECT_CONVERSION = YES_AGGRESSIVE;
				CLANG_CXX_LANGUAGE_STANDARD = "gnu++14";
				CLANG_CXX_LIBRARY = "libc++";
				CLANG_ENABLE_MODULES = YES;
				CLANG_ENABLE_OBJC_ARC = YES;
				CLANG_ENABLE_OBJC_WEAK = YES;
				CLANG_WARN_BLOCK_CAPTURE_AUTORELEASING = YES;
				CLANG_WARN_BOOL_CONVERSION = YES;
				CLANG_WARN_COMMA = YES;
				CLANG_WARN_CONSTANT_CONVERSION = YES;
				CLANG_WARN_DEPRECATED_OBJC_IMPLEMENTATIONS = YES;
				CLANG_WARN_DIRECT_OBJC_ISA_USAGE = YES_ERROR;
				CLANG_WARN_DOCUMENTATION_COMMENTS = YES;
				CLANG_WARN_EMPTY_BODY = YES;
				CLANG_WARN_ENUM_CONVERSION = YES;
				CLANG_WARN_INFINITE_RECURSION = YES;
				CLANG_WARN_INT_CONVERSION = YES;
				CLANG_WARN_NON_LITERAL_NULL_CONVERSION = YES;
				CLANG_WARN_OBJC_IMPLICIT_RETAIN_SELF = YES;
				CLANG_WARN_OBJC_LITERAL_CONVERSION = YES;
				CLANG_WARN_OBJC_ROOT_CLASS = YES_ERROR;
				CLANG_WARN_QUOTED_INCLUDE_IN_FRAMEWORK_HEADER = YES;
				CLANG_WARN_RANGE_LOOP_ANALYSIS = YES;
				CLANG_WARN_STRICT_PROTOTYPES = YES;
				CLANG_WARN_SUSPICIOUS_MOVE = YES;
				CLANG_WARN_UNGUARDED_AVAILABILITY = YES_AGGRESSIVE;
				CLANG_WARN_UNREACHABLE_CODE = YES;
				CLANG_WARN__DUPLICATE_METHOD_MATCH = YES;
				COPY_PHASE_STRIP = NO;
				DEBUG_INFORMATION_FORMAT = "dwarf-with-dsym";
				ENABLE_NS_ASSERTIONS = NO;
				ENABLE_STRICT_OBJC_MSGSEND = YES;
				GCC_C_LANGUAGE_STANDARD = gnu11;
				GCC_NO_COMMON_BLOCKS = YES;
				GCC_WARN_64_TO_32_BIT_CONVERSION = YES;
				GCC_WARN_ABOUT_RETURN_TYPE = YES_ERROR;
				GCC_WARN_UNDECLARED_SELECTOR = YES;
				GCC_WARN_UNINITIALIZED_AUTOS = YES_AGGRESSIVE;
				GCC_WARN_UNUSED_FUNCTION = YES;
				GCC_WARN_UNUSED_VARIABLE = YES;
				IPHONEOS_DEPLOYMENT_TARGET = 14.4;
				MTL_ENABLE_DEBUG_INFO = NO;
				MTL_FAST_MATH = YES;
				SDKROOT = iphoneos;
				SWIFT_COMPILATION_MODE = wholemodule;
				SWIFT_OPTIMIZATION_LEVEL = "-O";
				VALIDATE_PRODUCT = YES;
			};
			name = Release;
		};
		FA8E4039265E5C5000740B17 /* Debug */ = {
			isa = XCBuildConfiguration;
			buildSettings = {
				ASSETCATALOG_COMPILER_APPICON_NAME = AppIcon;
				ASSETCATALOG_COMPILER_GLOBAL_ACCENT_COLOR_NAME = AccentColor;
				CODE_SIGN_STYLE = Automatic;
				DEVELOPMENT_TEAM = KHK3PT3MZR;
				INFOPLIST_FILE = "PostFeedApp/Supporting Files/Info.plist";
				LD_RUNPATH_SEARCH_PATHS = (
					"$(inherited)",
					"@executable_path/Frameworks",
				);
				PRODUCT_BUNDLE_IDENTIFIER = Nikolai.Borisov.PostFeedApp;
				PRODUCT_NAME = "$(TARGET_NAME)";
				SWIFT_VERSION = 5.0;
				TARGETED_DEVICE_FAMILY = "1,2";
			};
			name = Debug;
		};
		FA8E403A265E5C5000740B17 /* Release */ = {
			isa = XCBuildConfiguration;
			buildSettings = {
				ASSETCATALOG_COMPILER_APPICON_NAME = AppIcon;
				ASSETCATALOG_COMPILER_GLOBAL_ACCENT_COLOR_NAME = AccentColor;
				CODE_SIGN_STYLE = Automatic;
				DEVELOPMENT_TEAM = KHK3PT3MZR;
				INFOPLIST_FILE = "PostFeedApp/Supporting Files/Info.plist";
				LD_RUNPATH_SEARCH_PATHS = (
					"$(inherited)",
					"@executable_path/Frameworks",
				);
				PRODUCT_BUNDLE_IDENTIFIER = Nikolai.Borisov.PostFeedApp;
				PRODUCT_NAME = "$(TARGET_NAME)";
				SWIFT_VERSION = 5.0;
				TARGETED_DEVICE_FAMILY = "1,2";
			};
			name = Release;
		};
		FA8E403C265E5C5000740B17 /* Debug */ = {
			isa = XCBuildConfiguration;
			buildSettings = {
				ALWAYS_EMBED_SWIFT_STANDARD_LIBRARIES = YES;
				BUNDLE_LOADER = "$(TEST_HOST)";
				CODE_SIGN_STYLE = Automatic;
				DEVELOPMENT_TEAM = KHK3PT3MZR;
				INFOPLIST_FILE = PostFeedAppTests/Info.plist;
				IPHONEOS_DEPLOYMENT_TARGET = 14.4;
				LD_RUNPATH_SEARCH_PATHS = (
					"$(inherited)",
					"@executable_path/Frameworks",
					"@loader_path/Frameworks",
				);
				PRODUCT_BUNDLE_IDENTIFIER = Nikolai.Borisov.PostFeedAppTests;
				PRODUCT_NAME = "$(TARGET_NAME)";
				SWIFT_VERSION = 5.0;
				TARGETED_DEVICE_FAMILY = "1,2";
				TEST_HOST = "$(BUILT_PRODUCTS_DIR)/PostFeedApp.app/PostFeedApp";
			};
			name = Debug;
		};
		FA8E403D265E5C5000740B17 /* Release */ = {
			isa = XCBuildConfiguration;
			buildSettings = {
				ALWAYS_EMBED_SWIFT_STANDARD_LIBRARIES = YES;
				BUNDLE_LOADER = "$(TEST_HOST)";
				CODE_SIGN_STYLE = Automatic;
				DEVELOPMENT_TEAM = KHK3PT3MZR;
				INFOPLIST_FILE = PostFeedAppTests/Info.plist;
				IPHONEOS_DEPLOYMENT_TARGET = 14.4;
				LD_RUNPATH_SEARCH_PATHS = (
					"$(inherited)",
					"@executable_path/Frameworks",
					"@loader_path/Frameworks",
				);
				PRODUCT_BUNDLE_IDENTIFIER = Nikolai.Borisov.PostFeedAppTests;
				PRODUCT_NAME = "$(TARGET_NAME)";
				SWIFT_VERSION = 5.0;
				TARGETED_DEVICE_FAMILY = "1,2";
				TEST_HOST = "$(BUILT_PRODUCTS_DIR)/PostFeedApp.app/PostFeedApp";
			};
			name = Release;
		};
		FA8E403F265E5C5000740B17 /* Debug */ = {
			isa = XCBuildConfiguration;
			buildSettings = {
				ALWAYS_EMBED_SWIFT_STANDARD_LIBRARIES = YES;
				CODE_SIGN_STYLE = Automatic;
				DEVELOPMENT_TEAM = KHK3PT3MZR;
				INFOPLIST_FILE = PostFeedAppUITests/Info.plist;
				LD_RUNPATH_SEARCH_PATHS = (
					"$(inherited)",
					"@executable_path/Frameworks",
					"@loader_path/Frameworks",
				);
				PRODUCT_BUNDLE_IDENTIFIER = Nikolai.Borisov.PostFeedAppUITests;
				PRODUCT_NAME = "$(TARGET_NAME)";
				SWIFT_VERSION = 5.0;
				TARGETED_DEVICE_FAMILY = "1,2";
				TEST_TARGET_NAME = PostFeedApp;
			};
			name = Debug;
		};
		FA8E4040265E5C5000740B17 /* Release */ = {
			isa = XCBuildConfiguration;
			buildSettings = {
				ALWAYS_EMBED_SWIFT_STANDARD_LIBRARIES = YES;
				CODE_SIGN_STYLE = Automatic;
				DEVELOPMENT_TEAM = KHK3PT3MZR;
				INFOPLIST_FILE = PostFeedAppUITests/Info.plist;
				LD_RUNPATH_SEARCH_PATHS = (
					"$(inherited)",
					"@executable_path/Frameworks",
					"@loader_path/Frameworks",
				);
				PRODUCT_BUNDLE_IDENTIFIER = Nikolai.Borisov.PostFeedAppUITests;
				PRODUCT_NAME = "$(TARGET_NAME)";
				SWIFT_VERSION = 5.0;
				TARGETED_DEVICE_FAMILY = "1,2";
				TEST_TARGET_NAME = PostFeedApp;
			};
			name = Release;
		};
/* End XCBuildConfiguration section */

/* Begin XCConfigurationList section */
		FA8E4009265E5C4C00740B17 /* Build configuration list for PBXProject "PostFeedApp" */ = {
			isa = XCConfigurationList;
			buildConfigurations = (
				FA8E4036265E5C5000740B17 /* Debug */,
				FA8E4037265E5C5000740B17 /* Release */,
			);
			defaultConfigurationIsVisible = 0;
			defaultConfigurationName = Release;
		};
		FA8E4038265E5C5000740B17 /* Build configuration list for PBXNativeTarget "PostFeedApp" */ = {
			isa = XCConfigurationList;
			buildConfigurations = (
				FA8E4039265E5C5000740B17 /* Debug */,
				FA8E403A265E5C5000740B17 /* Release */,
			);
			defaultConfigurationIsVisible = 0;
			defaultConfigurationName = Release;
		};
		FA8E403B265E5C5000740B17 /* Build configuration list for PBXNativeTarget "PostFeedAppTests" */ = {
			isa = XCConfigurationList;
			buildConfigurations = (
				FA8E403C265E5C5000740B17 /* Debug */,
				FA8E403D265E5C5000740B17 /* Release */,
			);
			defaultConfigurationIsVisible = 0;
			defaultConfigurationName = Release;
		};
		FA8E403E265E5C5000740B17 /* Build configuration list for PBXNativeTarget "PostFeedAppUITests" */ = {
			isa = XCConfigurationList;
			buildConfigurations = (
				FA8E403F265E5C5000740B17 /* Debug */,
				FA8E4040265E5C5000740B17 /* Release */,
			);
			defaultConfigurationIsVisible = 0;
			defaultConfigurationName = Release;
		};
/* End XCConfigurationList section */
	};
	rootObject = FA8E4006265E5C4C00740B17 /* Project object */;
}
